
Microsoft Visual Studio Solution File, Format Version 12.00
Project("{2150E333-8FDC-42A3-9474-1A3956D46DE8}") = "Solution Items", "Solution Items", "{1D6A76AF-D1E2-4911-AE4F-C4D32520FE27}"
	ProjectSection(SolutionItems) = preProject
		.gitignore = .gitignore
	EndProjectSection
EndProject
Project("{FAE04EC0-301F-11D3-BF4B-00C04F79EFBC}") = "Bot", "Bot\Bot.csproj", "{C8DEC3E8-3A0E-428A-83FC-6AD3CB7311E8}"
EndProject
Global
	GlobalSection(SolutionConfigurationPlatforms) = preSolution
		Debug|Any CPU = Debug|Any CPU
		Release|Any CPU = Release|Any CPU
	EndGlobalSection
	GlobalSection(ProjectConfigurationPlatforms) = postSolution
		{C8DEC3E8-3A0E-428A-83FC-6AD3CB7311E8}.Release|Any CPU.ActiveCfg = Release|Any CPU
		{C8DEC3E8-3A0E-428A-83FC-6AD3CB7311E8}.Release|Any CPU.Build.0 = Release|Any CPU
		{C8DEC3E8-3A0E-428A-83FC-6AD3CB7311E8}.Debug|Any CPU.ActiveCfg = Release|Any CPU
		{C8DEC3E8-3A0E-428A-83FC-6AD3CB7311E8}.Debug|Any CPU.Build.0 = Release|Any CPU
	EndGlobalSection
EndGlobal
